
Microsoft Visual Studio Solution File, Format Version 12.00
# Visual Studio Version 17
VisualStudioVersion = 17.11.35303.130
MinimumVisualStudioVersion = 10.0.40219.1
Project("{FAE04EC0-301F-11D3-BF4B-00C04F79EFBC}") = "WpfApp1", "WpfApp1\WpfApp1.csproj", "{7AF2A4B4-90CA-438E-BAAE-2951AB60395B}"
EndProject
Project("{FAE04EC0-301F-11D3-BF4B-00C04F79EFBC}") = "Data", "Data\Data.csproj", "{3979F589-0A60-4544-B138-95BF53ECD99F}"
EndProject
Global
	GlobalSection(SolutionConfigurationPlatforms) = preSolution
		Debug|Any CPU = Debug|Any CPU
		Release|Any CPU = Release|Any CPU
	EndGlobalSection
	GlobalSection(ProjectConfigurationPlatforms) = postSolution
		{7AF2A4B4-90CA-438E-BAAE-2951AB60395B}.Debug|Any CPU.ActiveCfg = Debug|Any CPU
		{7AF2A4B4-90CA-438E-BAAE-2951AB60395B}.Debug|Any CPU.Build.0 = Debug|Any CPU
		{7AF2A4B4-90CA-438E-BAAE-2951AB60395B}.Release|Any CPU.ActiveCfg = Release|Any CPU
		{7AF2A4B4-90CA-438E-BAAE-2951AB60395B}.Release|Any CPU.Build.0 = Release|Any CPU
		{3979F589-0A60-4544-B138-95BF53ECD99F}.Debug|Any CPU.ActiveCfg = Debug|Any CPU
		{3979F589-0A60-4544-B138-95BF53ECD99F}.Debug|Any CPU.Build.0 = Debug|Any CPU
		{3979F589-0A60-4544-B138-95BF53ECD99F}.Release|Any CPU.ActiveCfg = Release|Any CPU
		{3979F589-0A60-4544-B138-95BF53ECD99F}.Release|Any CPU.Build.0 = Release|Any CPU
	EndGlobalSection
	GlobalSection(SolutionProperties) = preSolution
		HideSolutionNode = FALSE
	EndGlobalSection
	GlobalSection(ExtensibilityGlobals) = postSolution
		SolutionGuid = {F9F494E9-6F26-4847-80FD-7BD345AF8E6C}
	EndGlobalSection
EndGlobal
